// !$*UTF8*$!
{
	archiveVersion = 1;
	classes = {
	};
	objectVersion = 56;
	objects = {

/* Begin PBXBuildFile section */
		2450511E28D5B2B100F79815 /* CatetinApp.swift in Sources */ = {isa = PBXBuildFile; fileRef = 2450511D28D5B2B100F79815 /* CatetinApp.swift */; };
		2450512028D5B2B100F79815 /* ContentView.swift in Sources */ = {isa = PBXBuildFile; fileRef = 2450511F28D5B2B100F79815 /* ContentView.swift */; };
		2450512228D5B2B200F79815 /* Assets.xcassets in Resources */ = {isa = PBXBuildFile; fileRef = 2450512128D5B2B200F79815 /* Assets.xcassets */; };
		2450512628D5B2B200F79815 /* Preview Assets.xcassets in Resources */ = {isa = PBXBuildFile; fileRef = 2450512528D5B2B200F79815 /* Preview Assets.xcassets */; };
		2450513028D5B2B200F79815 /* CatetinTests.swift in Sources */ = {isa = PBXBuildFile; fileRef = 2450512F28D5B2B200F79815 /* CatetinTests.swift */; };
		2450513A28D5B2B200F79815 /* CatetinUITests.swift in Sources */ = {isa = PBXBuildFile; fileRef = 2450513928D5B2B200F79815 /* CatetinUITests.swift */; };
		2450513C28D5B2B200F79815 /* CatetinUITestsLaunchTests.swift in Sources */ = {isa = PBXBuildFile; fileRef = 2450513B28D5B2B200F79815 /* CatetinUITestsLaunchTests.swift */; };
		248FE08D28D72ADD00578D61 /* InputAmountPage.swift in Sources */ = {isa = PBXBuildFile; fileRef = 248FE08C28D72ADD00578D61 /* InputAmountPage.swift */; };
		248FE09028D72C6C00578D61 /* AppInfoModel.swift in Sources */ = {isa = PBXBuildFile; fileRef = 248FE08F28D72C6C00578D61 /* AppInfoModel.swift */; };
		24D1FAB228D5F5DD0010383F /* ColorHelper.swift in Sources */ = {isa = PBXBuildFile; fileRef = 24D1FAB128D5F5DD0010383F /* ColorHelper.swift */; };
		24E797B228D6DF6A00E33603 /* Transaction.swift in Sources */ = {isa = PBXBuildFile; fileRef = 24E797B128D6DF6A00E33603 /* Transaction.swift */; };
		24E797B528D6DFBF00E33603 /* InputAmountContinueButtonExtension.swift in Sources */ = {isa = PBXBuildFile; fileRef = 24E797B428D6DFBF00E33603 /* InputAmountContinueButtonExtension.swift */; };
		24E797B928D6EBF300E33603 /* InputAmountSection.swift in Sources */ = {isa = PBXBuildFile; fileRef = 24E797B828D6EBF300E33603 /* InputAmountSection.swift */; };
		24E797BB28D6EC2900E33603 /* ErrorMessage.swift in Sources */ = {isa = PBXBuildFile; fileRef = 24E797BA28D6EC2900E33603 /* ErrorMessage.swift */; };
		24E797BE28D6EC5A00E33603 /* AccountModel.swift in Sources */ = {isa = PBXBuildFile; fileRef = 24E797BD28D6EC5A00E33603 /* AccountModel.swift */; };
		24E797C028D6EC7800E33603 /* Avatar.swift in Sources */ = {isa = PBXBuildFile; fileRef = 24E797BF28D6EC7800E33603 /* Avatar.swift */; };
		24E797C228D6EC8B00E33603 /* AccountCard.swift in Sources */ = {isa = PBXBuildFile; fileRef = 24E797C128D6EC8B00E33603 /* AccountCard.swift */; };
		24E797C528D6ECD500E33603 /* NavigationBar.swift in Sources */ = {isa = PBXBuildFile; fileRef = 24E797C428D6ECD500E33603 /* NavigationBar.swift */; };
		24E797C728D6ED0A00E33603 /* Button.swift in Sources */ = {isa = PBXBuildFile; fileRef = 24E797C628D6ED0A00E33603 /* Button.swift */; };
/* End PBXBuildFile section */

/* Begin PBXContainerItemProxy section */
		2450512C28D5B2B200F79815 /* PBXContainerItemProxy */ = {
			isa = PBXContainerItemProxy;
			containerPortal = 2450511228D5B2B100F79815 /* Project object */;
			proxyType = 1;
			remoteGlobalIDString = 2450511928D5B2B100F79815;
			remoteInfo = Catetin;
		};
		2450513628D5B2B200F79815 /* PBXContainerItemProxy */ = {
			isa = PBXContainerItemProxy;
			containerPortal = 2450511228D5B2B100F79815 /* Project object */;
			proxyType = 1;
			remoteGlobalIDString = 2450511928D5B2B100F79815;
			remoteInfo = Catetin;
		};
/* End PBXContainerItemProxy section */

/* Begin PBXFileReference section */
		2450511A28D5B2B100F79815 /* Catetin.app */ = {isa = PBXFileReference; explicitFileType = wrapper.application; includeInIndex = 0; path = Catetin.app; sourceTree = BUILT_PRODUCTS_DIR; };
		2450511D28D5B2B100F79815 /* CatetinApp.swift */ = {isa = PBXFileReference; lastKnownFileType = sourcecode.swift; path = CatetinApp.swift; sourceTree = "<group>"; };
		2450511F28D5B2B100F79815 /* ContentView.swift */ = {isa = PBXFileReference; lastKnownFileType = sourcecode.swift; path = ContentView.swift; sourceTree = "<group>"; };
		2450512128D5B2B200F79815 /* Assets.xcassets */ = {isa = PBXFileReference; lastKnownFileType = folder.assetcatalog; path = Assets.xcassets; sourceTree = "<group>"; };
		2450512328D5B2B200F79815 /* Catetin.entitlements */ = {isa = PBXFileReference; lastKnownFileType = text.plist.entitlements; path = Catetin.entitlements; sourceTree = "<group>"; };
		2450512528D5B2B200F79815 /* Preview Assets.xcassets */ = {isa = PBXFileReference; lastKnownFileType = folder.assetcatalog; path = "Preview Assets.xcassets"; sourceTree = "<group>"; };
		2450512B28D5B2B200F79815 /* CatetinTests.xctest */ = {isa = PBXFileReference; explicitFileType = wrapper.cfbundle; includeInIndex = 0; path = CatetinTests.xctest; sourceTree = BUILT_PRODUCTS_DIR; };
		2450512F28D5B2B200F79815 /* CatetinTests.swift */ = {isa = PBXFileReference; lastKnownFileType = sourcecode.swift; path = CatetinTests.swift; sourceTree = "<group>"; };
		2450513528D5B2B200F79815 /* CatetinUITests.xctest */ = {isa = PBXFileReference; explicitFileType = wrapper.cfbundle; includeInIndex = 0; path = CatetinUITests.xctest; sourceTree = BUILT_PRODUCTS_DIR; };
		2450513928D5B2B200F79815 /* CatetinUITests.swift */ = {isa = PBXFileReference; lastKnownFileType = sourcecode.swift; path = CatetinUITests.swift; sourceTree = "<group>"; };
		2450513B28D5B2B200F79815 /* CatetinUITestsLaunchTests.swift */ = {isa = PBXFileReference; lastKnownFileType = sourcecode.swift; path = CatetinUITestsLaunchTests.swift; sourceTree = "<group>"; };
		248FE08C28D72ADD00578D61 /* InputAmountPage.swift */ = {isa = PBXFileReference; lastKnownFileType = sourcecode.swift; path = InputAmountPage.swift; sourceTree = "<group>"; };
		248FE08F28D72C6C00578D61 /* AppInfoModel.swift */ = {isa = PBXFileReference; lastKnownFileType = sourcecode.swift; path = AppInfoModel.swift; sourceTree = "<group>"; };
		24D1FAB128D5F5DD0010383F /* ColorHelper.swift */ = {isa = PBXFileReference; lastKnownFileType = sourcecode.swift; path = ColorHelper.swift; sourceTree = "<group>"; };
		24E797B128D6DF6A00E33603 /* Transaction.swift */ = {isa = PBXFileReference; lastKnownFileType = sourcecode.swift; path = Transaction.swift; sourceTree = "<group>"; };
		24E797B428D6DFBF00E33603 /* InputAmountContinueButtonExtension.swift */ = {isa = PBXFileReference; lastKnownFileType = sourcecode.swift; path = InputAmountContinueButtonExtension.swift; sourceTree = "<group>"; };
		24E797B828D6EBF300E33603 /* InputAmountSection.swift */ = {isa = PBXFileReference; lastKnownFileType = sourcecode.swift; path = InputAmountSection.swift; sourceTree = "<group>"; };
		24E797BA28D6EC2900E33603 /* ErrorMessage.swift */ = {isa = PBXFileReference; lastKnownFileType = sourcecode.swift; path = ErrorMessage.swift; sourceTree = "<group>"; };
		24E797BD28D6EC5A00E33603 /* AccountModel.swift */ = {isa = PBXFileReference; lastKnownFileType = sourcecode.swift; path = AccountModel.swift; sourceTree = "<group>"; };
		24E797BF28D6EC7800E33603 /* Avatar.swift */ = {isa = PBXFileReference; lastKnownFileType = sourcecode.swift; path = Avatar.swift; sourceTree = "<group>"; };
		24E797C128D6EC8B00E33603 /* AccountCard.swift */ = {isa = PBXFileReference; lastKnownFileType = sourcecode.swift; path = AccountCard.swift; sourceTree = "<group>"; };
		24E797C428D6ECD500E33603 /* NavigationBar.swift */ = {isa = PBXFileReference; lastKnownFileType = sourcecode.swift; path = NavigationBar.swift; sourceTree = "<group>"; };
		24E797C628D6ED0A00E33603 /* Button.swift */ = {isa = PBXFileReference; lastKnownFileType = sourcecode.swift; path = Button.swift; sourceTree = "<group>"; };
/* End PBXFileReference section */

/* Begin PBXFrameworksBuildPhase section */
		2450511728D5B2B100F79815 /* Frameworks */ = {
			isa = PBXFrameworksBuildPhase;
			buildActionMask = 2147483647;
			files = (
			);
			runOnlyForDeploymentPostprocessing = 0;
		};
		2450512828D5B2B200F79815 /* Frameworks */ = {
			isa = PBXFrameworksBuildPhase;
			buildActionMask = 2147483647;
			files = (
			);
			runOnlyForDeploymentPostprocessing = 0;
		};
		2450513228D5B2B200F79815 /* Frameworks */ = {
			isa = PBXFrameworksBuildPhase;
			buildActionMask = 2147483647;
			files = (
			);
			runOnlyForDeploymentPostprocessing = 0;
		};
/* End PBXFrameworksBuildPhase section */

/* Begin PBXGroup section */
		2450511128D5B2B100F79815 = {
			isa = PBXGroup;
			children = (
				2450511C28D5B2B100F79815 /* Catetin */,
				2450512E28D5B2B200F79815 /* CatetinTests */,
				2450513828D5B2B200F79815 /* CatetinUITests */,
				2450511B28D5B2B100F79815 /* Products */,
			);
			sourceTree = "<group>";
		};
		2450511B28D5B2B100F79815 /* Products */ = {
			isa = PBXGroup;
			children = (
				2450511A28D5B2B100F79815 /* Catetin.app */,
				2450512B28D5B2B200F79815 /* CatetinTests.xctest */,
				2450513528D5B2B200F79815 /* CatetinUITests.xctest */,
			);
			name = Products;
			sourceTree = "<group>";
		};
		2450511C28D5B2B100F79815 /* Catetin */ = {
			isa = PBXGroup;
			children = (
				24E797BC28D6EC4600E33603 /* models */,
				24E797B628D6EBC200E33603 /* views */,
				24E797B328D6DFB000E33603 /* extensions */,
				24E797B028D6DF4600E33603 /* constants */,
				24D1FAB028D5F5C10010383F /* helper */,
				2450511D28D5B2B100F79815 /* CatetinApp.swift */,
				2450511F28D5B2B100F79815 /* ContentView.swift */,
				2450512128D5B2B200F79815 /* Assets.xcassets */,
				2450512328D5B2B200F79815 /* Catetin.entitlements */,
				2450512428D5B2B200F79815 /* Preview Content */,
			);
			path = Catetin;
			sourceTree = "<group>";
		};
		2450512428D5B2B200F79815 /* Preview Content */ = {
			isa = PBXGroup;
			children = (
				2450512528D5B2B200F79815 /* Preview Assets.xcassets */,
			);
			path = "Preview Content";
			sourceTree = "<group>";
		};
		2450512E28D5B2B200F79815 /* CatetinTests */ = {
			isa = PBXGroup;
			children = (
				2450512F28D5B2B200F79815 /* CatetinTests.swift */,
			);
			path = CatetinTests;
			sourceTree = "<group>";
		};
		2450513828D5B2B200F79815 /* CatetinUITests */ = {
			isa = PBXGroup;
			children = (
				2450513928D5B2B200F79815 /* CatetinUITests.swift */,
				2450513B28D5B2B200F79815 /* CatetinUITestsLaunchTests.swift */,
			);
			path = CatetinUITests;
			sourceTree = "<group>";
		};
		248FE08B28D72AC100578D61 /* pages */ = {
			isa = PBXGroup;
			children = (
			);
			path = pages;
			sourceTree = "<group>";
		};
		248FE08E28D72C5000578D61 /* api */ = {
			isa = PBXGroup;
			children = (
				248FE08F28D72C6C00578D61 /* AppInfoModel.swift */,
			);
			path = api;
			sourceTree = "<group>";
		};
		24D1FAB028D5F5C10010383F /* helper */ = {
			isa = PBXGroup;
			children = (
				24D1FAB128D5F5DD0010383F /* ColorHelper.swift */,
			);
			path = helper;
			sourceTree = "<group>";
		};
		24E797B028D6DF4600E33603 /* constants */ = {
			isa = PBXGroup;
			children = (
				24E797B128D6DF6A00E33603 /* Transaction.swift */,
			);
			path = constants;
			sourceTree = "<group>";
		};
		24E797B328D6DFB000E33603 /* extensions */ = {
			isa = PBXGroup;
			children = (
				24E797B428D6DFBF00E33603 /* InputAmountContinueButtonExtension.swift */,
			);
			path = extensions;
			sourceTree = "<group>";
		};
		24E797B628D6EBC200E33603 /* views */ = {
			isa = PBXGroup;
			children = (
				248FE08B28D72AC100578D61 /* pages */,
				24E797C328D6ECC500E33603 /* common */,
				24E797B728D6EBCE00E33603 /* inputAmountPage */,
			);
			path = views;
			sourceTree = "<group>";
		};
		24E797B728D6EBCE00E33603 /* inputAmountPage */ = {
			isa = PBXGroup;
			children = (
				248FE08C28D72ADD00578D61 /* InputAmountPage.swift */,
				24E797B828D6EBF300E33603 /* InputAmountSection.swift */,
				24E797BA28D6EC2900E33603 /* ErrorMessage.swift */,
				24E797BF28D6EC7800E33603 /* Avatar.swift */,
				24E797C128D6EC8B00E33603 /* AccountCard.swift */,
				24E797C628D6ED0A00E33603 /* Button.swift */,
			);
			path = inputAmountPage;
			sourceTree = "<group>";
		};
		24E797BC28D6EC4600E33603 /* models */ = {
			isa = PBXGroup;
			children = (
				248FE08E28D72C5000578D61 /* api */,
				24E797BD28D6EC5A00E33603 /* AccountModel.swift */,
			);
			path = models;
			sourceTree = "<group>";
		};
		24E797C328D6ECC500E33603 /* common */ = {
			isa = PBXGroup;
			children = (
				24E797C428D6ECD500E33603 /* NavigationBar.swift */,
			);
			path = common;
			sourceTree = "<group>";
		};
/* End PBXGroup section */

/* Begin PBXNativeTarget section */
		2450511928D5B2B100F79815 /* Catetin */ = {
			isa = PBXNativeTarget;
			buildConfigurationList = 2450513F28D5B2B200F79815 /* Build configuration list for PBXNativeTarget "Catetin" */;
			buildPhases = (
				2450511628D5B2B100F79815 /* Sources */,
				2450511728D5B2B100F79815 /* Frameworks */,
				2450511828D5B2B100F79815 /* Resources */,
			);
			buildRules = (
			);
			dependencies = (
			);
			name = Catetin;
			productName = Catetin;
			productReference = 2450511A28D5B2B100F79815 /* Catetin.app */;
			productType = "com.apple.product-type.application";
		};
		2450512A28D5B2B200F79815 /* CatetinTests */ = {
			isa = PBXNativeTarget;
			buildConfigurationList = 2450514228D5B2B200F79815 /* Build configuration list for PBXNativeTarget "CatetinTests" */;
			buildPhases = (
				2450512728D5B2B200F79815 /* Sources */,
				2450512828D5B2B200F79815 /* Frameworks */,
				2450512928D5B2B200F79815 /* Resources */,
			);
			buildRules = (
			);
			dependencies = (
				2450512D28D5B2B200F79815 /* PBXTargetDependency */,
			);
			name = CatetinTests;
			productName = CatetinTests;
			productReference = 2450512B28D5B2B200F79815 /* CatetinTests.xctest */;
			productType = "com.apple.product-type.bundle.unit-test";
		};
		2450513428D5B2B200F79815 /* CatetinUITests */ = {
			isa = PBXNativeTarget;
			buildConfigurationList = 2450514528D5B2B200F79815 /* Build configuration list for PBXNativeTarget "CatetinUITests" */;
			buildPhases = (
				2450513128D5B2B200F79815 /* Sources */,
				2450513228D5B2B200F79815 /* Frameworks */,
				2450513328D5B2B200F79815 /* Resources */,
			);
			buildRules = (
			);
			dependencies = (
				2450513728D5B2B200F79815 /* PBXTargetDependency */,
			);
			name = CatetinUITests;
			productName = CatetinUITests;
			productReference = 2450513528D5B2B200F79815 /* CatetinUITests.xctest */;
			productType = "com.apple.product-type.bundle.ui-testing";
		};
/* End PBXNativeTarget section */

/* Begin PBXProject section */
		2450511228D5B2B100F79815 /* Project object */ = {
			isa = PBXProject;
			attributes = {
				BuildIndependentTargetsInParallel = 1;
				LastSwiftUpdateCheck = 1400;
				LastUpgradeCheck = 1400;
				TargetAttributes = {
					2450511928D5B2B100F79815 = {
						CreatedOnToolsVersion = 14.0;
					};
					2450512A28D5B2B200F79815 = {
						CreatedOnToolsVersion = 14.0;
						TestTargetID = 2450511928D5B2B100F79815;
					};
					2450513428D5B2B200F79815 = {
						CreatedOnToolsVersion = 14.0;
						TestTargetID = 2450511928D5B2B100F79815;
					};
				};
			};
			buildConfigurationList = 2450511528D5B2B100F79815 /* Build configuration list for PBXProject "Catetin" */;
			compatibilityVersion = "Xcode 14.0";
			developmentRegion = en;
			hasScannedForEncodings = 0;
			knownRegions = (
				en,
				Base,
			);
			mainGroup = 2450511128D5B2B100F79815;
			productRefGroup = 2450511B28D5B2B100F79815 /* Products */;
			projectDirPath = "";
			projectRoot = "";
			targets = (
				2450511928D5B2B100F79815 /* Catetin */,
				2450512A28D5B2B200F79815 /* CatetinTests */,
				2450513428D5B2B200F79815 /* CatetinUITests */,
			);
		};
/* End PBXProject section */

/* Begin PBXResourcesBuildPhase section */
		2450511828D5B2B100F79815 /* Resources */ = {
			isa = PBXResourcesBuildPhase;
			buildActionMask = 2147483647;
			files = (
				2450512628D5B2B200F79815 /* Preview Assets.xcassets in Resources */,
				2450512228D5B2B200F79815 /* Assets.xcassets in Resources */,
			);
			runOnlyForDeploymentPostprocessing = 0;
		};
		2450512928D5B2B200F79815 /* Resources */ = {
			isa = PBXResourcesBuildPhase;
			buildActionMask = 2147483647;
			files = (
			);
			runOnlyForDeploymentPostprocessing = 0;
		};
		2450513328D5B2B200F79815 /* Resources */ = {
			isa = PBXResourcesBuildPhase;
			buildActionMask = 2147483647;
			files = (
			);
			runOnlyForDeploymentPostprocessing = 0;
		};
/* End PBXResourcesBuildPhase section */

/* Begin PBXSourcesBuildPhase section */
		2450511628D5B2B100F79815 /* Sources */ = {
			isa = PBXSourcesBuildPhase;
			buildActionMask = 2147483647;
			files = (
				248FE08D28D72ADD00578D61 /* InputAmountPage.swift in Sources */,
				248FE09028D72C6C00578D61 /* AppInfoModel.swift in Sources */,
				2450512028D5B2B100F79815 /* ContentView.swift in Sources */,
				24E797BB28D6EC2900E33603 /* ErrorMessage.swift in Sources */,
				24E797B528D6DFBF00E33603 /* InputAmountContinueButtonExtension.swift in Sources */,
				24E797C028D6EC7800E33603 /* Avatar.swift in Sources */,
				24E797BE28D6EC5A00E33603 /* AccountModel.swift in Sources */,
				24E797C528D6ECD500E33603 /* NavigationBar.swift in Sources */,
				24D1FAB228D5F5DD0010383F /* ColorHelper.swift in Sources */,
				24E797C728D6ED0A00E33603 /* Button.swift in Sources */,
				24E797B228D6DF6A00E33603 /* Transaction.swift in Sources */,
				24E797C228D6EC8B00E33603 /* AccountCard.swift in Sources */,
				24E797B928D6EBF300E33603 /* InputAmountSection.swift in Sources */,
				2450511E28D5B2B100F79815 /* CatetinApp.swift in Sources */,
			);
			runOnlyForDeploymentPostprocessing = 0;
		};
		2450512728D5B2B200F79815 /* Sources */ = {
			isa = PBXSourcesBuildPhase;
			buildActionMask = 2147483647;
			files = (
				2450513028D5B2B200F79815 /* CatetinTests.swift in Sources */,
			);
			runOnlyForDeploymentPostprocessing = 0;
		};
		2450513128D5B2B200F79815 /* Sources */ = {
			isa = PBXSourcesBuildPhase;
			buildActionMask = 2147483647;
			files = (
				2450513A28D5B2B200F79815 /* CatetinUITests.swift in Sources */,
				2450513C28D5B2B200F79815 /* CatetinUITestsLaunchTests.swift in Sources */,
			);
			runOnlyForDeploymentPostprocessing = 0;
		};
/* End PBXSourcesBuildPhase section */

/* Begin PBXTargetDependency section */
		2450512D28D5B2B200F79815 /* PBXTargetDependency */ = {
			isa = PBXTargetDependency;
			target = 2450511928D5B2B100F79815 /* Catetin */;
			targetProxy = 2450512C28D5B2B200F79815 /* PBXContainerItemProxy */;
		};
		2450513728D5B2B200F79815 /* PBXTargetDependency */ = {
			isa = PBXTargetDependency;
			target = 2450511928D5B2B100F79815 /* Catetin */;
			targetProxy = 2450513628D5B2B200F79815 /* PBXContainerItemProxy */;
		};
/* End PBXTargetDependency section */

/* Begin XCBuildConfiguration section */
		2450513D28D5B2B200F79815 /* Debug */ = {
			isa = XCBuildConfiguration;
			buildSettings = {
				ALWAYS_SEARCH_USER_PATHS = NO;
				CLANG_ANALYZER_NONNULL = YES;
				CLANG_ANALYZER_NUMBER_OBJECT_CONVERSION = YES_AGGRESSIVE;
				CLANG_CXX_LANGUAGE_STANDARD = "gnu++20";
				CLANG_ENABLE_MODULES = YES;
				CLANG_ENABLE_OBJC_ARC = YES;
				CLANG_ENABLE_OBJC_WEAK = YES;
				CLANG_WARN_BLOCK_CAPTURE_AUTORELEASING = YES;
				CLANG_WARN_BOOL_CONVERSION = YES;
				CLANG_WARN_COMMA = YES;
				CLANG_WARN_CONSTANT_CONVERSION = YES;
				CLANG_WARN_DEPRECATED_OBJC_IMPLEMENTATIONS = YES;
				CLANG_WARN_DIRECT_OBJC_ISA_USAGE = YES_ERROR;
				CLANG_WARN_DOCUMENTATION_COMMENTS = YES;
				CLANG_WARN_EMPTY_BODY = YES;
				CLANG_WARN_ENUM_CONVERSION = YES;
				CLANG_WARN_INFINITE_RECURSION = YES;
				CLANG_WARN_INT_CONVERSION = YES;
				CLANG_WARN_NON_LITERAL_NULL_CONVERSION = YES;
				CLANG_WARN_OBJC_IMPLICIT_RETAIN_SELF = YES;
				CLANG_WARN_OBJC_LITERAL_CONVERSION = YES;
				CLANG_WARN_OBJC_ROOT_CLASS = YES_ERROR;
				CLANG_WARN_QUOTED_INCLUDE_IN_FRAMEWORK_HEADER = YES;
				CLANG_WARN_RANGE_LOOP_ANALYSIS = YES;
				CLANG_WARN_STRICT_PROTOTYPES = YES;
				CLANG_WARN_SUSPICIOUS_MOVE = YES;
				CLANG_WARN_UNGUARDED_AVAILABILITY = YES_AGGRESSIVE;
				CLANG_WARN_UNREACHABLE_CODE = YES;
				CLANG_WARN__DUPLICATE_METHOD_MATCH = YES;
				COPY_PHASE_STRIP = NO;
				DEBUG_INFORMATION_FORMAT = dwarf;
				ENABLE_STRICT_OBJC_MSGSEND = YES;
				ENABLE_TESTABILITY = YES;
				GCC_C_LANGUAGE_STANDARD = gnu11;
				GCC_DYNAMIC_NO_PIC = NO;
				GCC_NO_COMMON_BLOCKS = YES;
				GCC_OPTIMIZATION_LEVEL = 0;
				GCC_PREPROCESSOR_DEFINITIONS = (
					"DEBUG=1",
					"$(inherited)",
				);
				GCC_WARN_64_TO_32_BIT_CONVERSION = YES;
				GCC_WARN_ABOUT_RETURN_TYPE = YES_ERROR;
				GCC_WARN_UNDECLARED_SELECTOR = YES;
				GCC_WARN_UNINITIALIZED_AUTOS = YES_AGGRESSIVE;
				GCC_WARN_UNUSED_FUNCTION = YES;
				GCC_WARN_UNUSED_VARIABLE = YES;
				MTL_ENABLE_DEBUG_INFO = INCLUDE_SOURCE;
				MTL_FAST_MATH = YES;
				ONLY_ACTIVE_ARCH = YES;
				SWIFT_ACTIVE_COMPILATION_CONDITIONS = DEBUG;
				SWIFT_OPTIMIZATION_LEVEL = "-Onone";
			};
			name = Debug;
		};
		2450513E28D5B2B200F79815 /* Release */ = {
			isa = XCBuildConfiguration;
			buildSettings = {
				ALWAYS_SEARCH_USER_PATHS = NO;
				CLANG_ANALYZER_NONNULL = YES;
				CLANG_ANALYZER_NUMBER_OBJECT_CONVERSION = YES_AGGRESSIVE;
				CLANG_CXX_LANGUAGE_STANDARD = "gnu++20";
				CLANG_ENABLE_MODULES = YES;
				CLANG_ENABLE_OBJC_ARC = YES;
				CLANG_ENABLE_OBJC_WEAK = YES;
				CLANG_WARN_BLOCK_CAPTURE_AUTORELEASING = YES;
				CLANG_WARN_BOOL_CONVERSION = YES;
				CLANG_WARN_COMMA = YES;
				CLANG_WARN_CONSTANT_CONVERSION = YES;
				CLANG_WARN_DEPRECATED_OBJC_IMPLEMENTATIONS = YES;
				CLANG_WARN_DIRECT_OBJC_ISA_USAGE = YES_ERROR;
				CLANG_WARN_DOCUMENTATION_COMMENTS = YES;
				CLANG_WARN_EMPTY_BODY = YES;
				CLANG_WARN_ENUM_CONVERSION = YES;
				CLANG_WARN_INFINITE_RECURSION = YES;
				CLANG_WARN_INT_CONVERSION = YES;
				CLANG_WARN_NON_LITERAL_NULL_CONVERSION = YES;
				CLANG_WARN_OBJC_IMPLICIT_RETAIN_SELF = YES;
				CLANG_WARN_OBJC_LITERAL_CONVERSION = YES;
				CLANG_WARN_OBJC_ROOT_CLASS = YES_ERROR;
				CLANG_WARN_QUOTED_INCLUDE_IN_FRAMEWORK_HEADER = YES;
				CLANG_WARN_RANGE_LOOP_ANALYSIS = YES;
				CLANG_WARN_STRICT_PROTOTYPES = YES;
				CLANG_WARN_SUSPICIOUS_MOVE = YES;
				CLANG_WARN_UNGUARDED_AVAILABILITY = YES_AGGRESSIVE;
				CLANG_WARN_UNREACHABLE_CODE = YES;
				CLANG_WARN__DUPLICATE_METHOD_MATCH = YES;
				COPY_PHASE_STRIP = NO;
				DEBUG_INFORMATION_FORMAT = "dwarf-with-dsym";
				ENABLE_NS_ASSERTIONS = NO;
				ENABLE_STRICT_OBJC_MSGSEND = YES;
				GCC_C_LANGUAGE_STANDARD = gnu11;
				GCC_NO_COMMON_BLOCKS = YES;
				GCC_WARN_64_TO_32_BIT_CONVERSION = YES;
				GCC_WARN_ABOUT_RETURN_TYPE = YES_ERROR;
				GCC_WARN_UNDECLARED_SELECTOR = YES;
				GCC_WARN_UNINITIALIZED_AUTOS = YES_AGGRESSIVE;
				GCC_WARN_UNUSED_FUNCTION = YES;
				GCC_WARN_UNUSED_VARIABLE = YES;
				MTL_ENABLE_DEBUG_INFO = NO;
				MTL_FAST_MATH = YES;
				SWIFT_COMPILATION_MODE = wholemodule;
				SWIFT_OPTIMIZATION_LEVEL = "-O";
			};
			name = Release;
		};
		2450514028D5B2B200F79815 /* Debug */ = {
			isa = XCBuildConfiguration;
			buildSettings = {
				ASSETCATALOG_COMPILER_APPICON_NAME = AppIcon;
				ASSETCATALOG_COMPILER_GLOBAL_ACCENT_COLOR_NAME = AccentColor;
				CODE_SIGN_ENTITLEMENTS = Catetin/Catetin.entitlements;
				CODE_SIGN_STYLE = Automatic;
				CURRENT_PROJECT_VERSION = 1;
				DEVELOPMENT_ASSET_PATHS = "\"Catetin/Preview Content\"";
				ENABLE_PREVIEWS = YES;
				GENERATE_INFOPLIST_FILE = YES;
				"INFOPLIST_KEY_UIApplicationSceneManifest_Generation[sdk=iphoneos*]" = YES;
				"INFOPLIST_KEY_UIApplicationSceneManifest_Generation[sdk=iphonesimulator*]" = YES;
				"INFOPLIST_KEY_UIApplicationSupportsIndirectInputEvents[sdk=iphoneos*]" = YES;
				"INFOPLIST_KEY_UIApplicationSupportsIndirectInputEvents[sdk=iphonesimulator*]" = YES;
				"INFOPLIST_KEY_UILaunchScreen_Generation[sdk=iphoneos*]" = YES;
				"INFOPLIST_KEY_UILaunchScreen_Generation[sdk=iphonesimulator*]" = YES;
				"INFOPLIST_KEY_UIStatusBarStyle[sdk=iphoneos*]" = UIStatusBarStyleDefault;
				"INFOPLIST_KEY_UIStatusBarStyle[sdk=iphonesimulator*]" = UIStatusBarStyleDefault;
				INFOPLIST_KEY_UISupportedInterfaceOrientations_iPad = "UIInterfaceOrientationPortrait UIInterfaceOrientationPortraitUpsideDown UIInterfaceOrientationLandscapeLeft UIInterfaceOrientationLandscapeRight";
				INFOPLIST_KEY_UISupportedInterfaceOrientations_iPhone = "UIInterfaceOrientationPortrait UIInterfaceOrientationLandscapeLeft UIInterfaceOrientationLandscapeRight";
				IPHONEOS_DEPLOYMENT_TARGET = 16.0;
				LD_RUNPATH_SEARCH_PATHS = "@executable_path/Frameworks";
				"LD_RUNPATH_SEARCH_PATHS[sdk=macosx*]" = "@executable_path/../Frameworks";
				MACOSX_DEPLOYMENT_TARGET = 12.3;
				MARKETING_VERSION = 1.0;
				PRODUCT_BUNDLE_IDENTIFIER = id.moxspoy.Catetin;
				PRODUCT_NAME = "$(TARGET_NAME)";
				SDKROOT = auto;
				SUPPORTED_PLATFORMS = "iphoneos iphonesimulator macosx";
				SWIFT_EMIT_LOC_STRINGS = YES;
				SWIFT_VERSION = 5.0;
				TARGETED_DEVICE_FAMILY = "1,2";
			};
			name = Debug;
		};
		2450514128D5B2B200F79815 /* Release */ = {
			isa = XCBuildConfiguration;
			buildSettings = {
				ASSETCATALOG_COMPILER_APPICON_NAME = AppIcon;
				ASSETCATALOG_COMPILER_GLOBAL_ACCENT_COLOR_NAME = AccentColor;
				CODE_SIGN_ENTITLEMENTS = Catetin/Catetin.entitlements;
				CODE_SIGN_STYLE = Automatic;
				CURRENT_PROJECT_VERSION = 1;
				DEVELOPMENT_ASSET_PATHS = "\"Catetin/Preview Content\"";
				ENABLE_PREVIEWS = YES;
				GENERATE_INFOPLIST_FILE = YES;
				"INFOPLIST_KEY_UIApplicationSceneManifest_Generation[sdk=iphoneos*]" = YES;
				"INFOPLIST_KEY_UIApplicationSceneManifest_Generation[sdk=iphonesimulator*]" = YES;
				"INFOPLIST_KEY_UIApplicationSupportsIndirectInputEvents[sdk=iphoneos*]" = YES;
				"INFOPLIST_KEY_UIApplicationSupportsIndirectInputEvents[sdk=iphonesimulator*]" = YES;
				"INFOPLIST_KEY_UILaunchScreen_Generation[sdk=iphoneos*]" = YES;
				"INFOPLIST_KEY_UILaunchScreen_Generation[sdk=iphonesimulator*]" = YES;
				"INFOPLIST_KEY_UIStatusBarStyle[sdk=iphoneos*]" = UIStatusBarStyleDefault;
				"INFOPLIST_KEY_UIStatusBarStyle[sdk=iphonesimulator*]" = UIStatusBarStyleDefault;
				INFOPLIST_KEY_UISupportedInterfaceOrientations_iPad = "UIInterfaceOrientationPortrait UIInterfaceOrientationPortraitUpsideDown UIInterfaceOrientationLandscapeLeft UIInterfaceOrientationLandscapeRight";
				INFOPLIST_KEY_UISupportedInterfaceOrientations_iPhone = "UIInterfaceOrientationPortrait UIInterfaceOrientationLandscapeLeft UIInterfaceOrientationLandscapeRight";
				IPHONEOS_DEPLOYMENT_TARGET = 16.0;
				LD_RUNPATH_SEARCH_PATHS = "@executable_path/Frameworks";
				"LD_RUNPATH_SEARCH_PATHS[sdk=macosx*]" = "@executable_path/../Frameworks";
				MACOSX_DEPLOYMENT_TARGET = 12.3;
				MARKETING_VERSION = 1.0;
				PRODUCT_BUNDLE_IDENTIFIER = id.moxspoy.Catetin;
				PRODUCT_NAME = "$(TARGET_NAME)";
				SDKROOT = auto;
				SUPPORTED_PLATFORMS = "iphoneos iphonesimulator macosx";
				SWIFT_EMIT_LOC_STRINGS = YES;
				SWIFT_VERSION = 5.0;
				TARGETED_DEVICE_FAMILY = "1,2";
			};
			name = Release;
		};
		2450514328D5B2B200F79815 /* Debug */ = {
			isa = XCBuildConfiguration;
			buildSettings = {
				ALWAYS_EMBED_SWIFT_STANDARD_LIBRARIES = YES;
				BUNDLE_LOADER = "$(TEST_HOST)";
				CODE_SIGN_STYLE = Automatic;
				CURRENT_PROJECT_VERSION = 1;
				GENERATE_INFOPLIST_FILE = YES;
				IPHONEOS_DEPLOYMENT_TARGET = 16.0;
				MACOSX_DEPLOYMENT_TARGET = 12.3;
				MARKETING_VERSION = 1.0;
				PRODUCT_BUNDLE_IDENTIFIER = id.moxspoy.CatetinTests;
				PRODUCT_NAME = "$(TARGET_NAME)";
				SDKROOT = auto;
				SUPPORTED_PLATFORMS = "iphoneos iphonesimulator macosx";
				SWIFT_EMIT_LOC_STRINGS = NO;
				SWIFT_VERSION = 5.0;
				TARGETED_DEVICE_FAMILY = "1,2";
				TEST_HOST = "$(BUILT_PRODUCTS_DIR)/Catetin.app/$(BUNDLE_EXECUTABLE_FOLDER_PATH)/Catetin";
			};
			name = Debug;
		};
		2450514428D5B2B200F79815 /* Release */ = {
			isa = XCBuildConfiguration;
			buildSettings = {
				ALWAYS_EMBED_SWIFT_STANDARD_LIBRARIES = YES;
				BUNDLE_LOADER = "$(TEST_HOST)";
				CODE_SIGN_STYLE = Automatic;
				CURRENT_PROJECT_VERSION = 1;
				GENERATE_INFOPLIST_FILE = YES;
				IPHONEOS_DEPLOYMENT_TARGET = 16.0;
				MACOSX_DEPLOYMENT_TARGET = 12.3;
				MARKETING_VERSION = 1.0;
				PRODUCT_BUNDLE_IDENTIFIER = id.moxspoy.CatetinTests;
				PRODUCT_NAME = "$(TARGET_NAME)";
				SDKROOT = auto;
				SUPPORTED_PLATFORMS = "iphoneos iphonesimulator macosx";
				SWIFT_EMIT_LOC_STRINGS = NO;
				SWIFT_VERSION = 5.0;
				TARGETED_DEVICE_FAMILY = "1,2";
				TEST_HOST = "$(BUILT_PRODUCTS_DIR)/Catetin.app/$(BUNDLE_EXECUTABLE_FOLDER_PATH)/Catetin";
			};
			name = Release;
		};
		2450514628D5B2B200F79815 /* Debug */ = {
			isa = XCBuildConfiguration;
			buildSettings = {
				ALWAYS_EMBED_SWIFT_STANDARD_LIBRARIES = YES;
				CODE_SIGN_STYLE = Automatic;
				CURRENT_PROJECT_VERSION = 1;
				GENERATE_INFOPLIST_FILE = YES;
				IPHONEOS_DEPLOYMENT_TARGET = 16.0;
				MACOSX_DEPLOYMENT_TARGET = 12.3;
				MARKETING_VERSION = 1.0;
				PRODUCT_BUNDLE_IDENTIFIER = id.moxspoy.CatetinUITests;
				PRODUCT_NAME = "$(TARGET_NAME)";
				SDKROOT = auto;
				SUPPORTED_PLATFORMS = "iphoneos iphonesimulator macosx";
				SWIFT_EMIT_LOC_STRINGS = NO;
				SWIFT_VERSION = 5.0;
				TARGETED_DEVICE_FAMILY = "1,2";
				TEST_TARGET_NAME = Catetin;
			};
			name = Debug;
		};
		2450514728D5B2B200F79815 /* Release */ = {
			isa = XCBuildConfiguration;
			buildSettings = {
				ALWAYS_EMBED_SWIFT_STANDARD_LIBRARIES = YES;
				CODE_SIGN_STYLE = Automatic;
				CURRENT_PROJECT_VERSION = 1;
				GENERATE_INFOPLIST_FILE = YES;
				IPHONEOS_DEPLOYMENT_TARGET = 16.0;
				MACOSX_DEPLOYMENT_TARGET = 12.3;
				MARKETING_VERSION = 1.0;
				PRODUCT_BUNDLE_IDENTIFIER = id.moxspoy.CatetinUITests;
				PRODUCT_NAME = "$(TARGET_NAME)";
				SDKROOT = auto;
				SUPPORTED_PLATFORMS = "iphoneos iphonesimulator macosx";
				SWIFT_EMIT_LOC_STRINGS = NO;
				SWIFT_VERSION = 5.0;
				TARGETED_DEVICE_FAMILY = "1,2";
				TEST_TARGET_NAME = Catetin;
			};
			name = Release;
		};
/* End XCBuildConfiguration section */

/* Begin XCConfigurationList section */
		2450511528D5B2B100F79815 /* Build configuration list for PBXProject "Catetin" */ = {
			isa = XCConfigurationList;
			buildConfigurations = (
				2450513D28D5B2B200F79815 /* Debug */,
				2450513E28D5B2B200F79815 /* Release */,
			);
			defaultConfigurationIsVisible = 0;
			defaultConfigurationName = Release;
		};
		2450513F28D5B2B200F79815 /* Build configuration list for PBXNativeTarget "Catetin" */ = {
			isa = XCConfigurationList;
			buildConfigurations = (
				2450514028D5B2B200F79815 /* Debug */,
				2450514128D5B2B200F79815 /* Release */,
			);
			defaultConfigurationIsVisible = 0;
			defaultConfigurationName = Release;
		};
		2450514228D5B2B200F79815 /* Build configuration list for PBXNativeTarget "CatetinTests" */ = {
			isa = XCConfigurationList;
			buildConfigurations = (
				2450514328D5B2B200F79815 /* Debug */,
				2450514428D5B2B200F79815 /* Release */,
			);
			defaultConfigurationIsVisible = 0;
			defaultConfigurationName = Release;
		};
		2450514528D5B2B200F79815 /* Build configuration list for PBXNativeTarget "CatetinUITests" */ = {
			isa = XCConfigurationList;
			buildConfigurations = (
				2450514628D5B2B200F79815 /* Debug */,
				2450514728D5B2B200F79815 /* Release */,
			);
			defaultConfigurationIsVisible = 0;
			defaultConfigurationName = Release;
		};
/* End XCConfigurationList section */
	};
	rootObject = 2450511228D5B2B100F79815 /* Project object */;
}
